<?xml version="1.0" encoding="utf-8"?>
<Project ToolsVersion="4.0" xmlns="http://schemas.microsoft.com/developer/msbuild/2003">
  <ItemGroup>
    <Filter Include="Holy">
      <UniqueIdentifier>{6171867C-4DA8-870D-F694-6D10E2AA030F}</UniqueIdentifier>
    </Filter>
  </ItemGroup>
  <ItemGroup>
    <ClInclude Include="src\Holy.h" />
    <ClInclude Include="src\Holy\Application.h">
      <Filter>Holy</Filter>
    </ClInclude>
    <ClInclude Include="src\Holy\Core.h">
      <Filter>Holy</Filter>
    </ClInclude>
    <ClInclude Include="src\Holy\Log.h">
      <Filter>Holy</Filter>
    </ClInclude>
    <ClInclude Include="src\Holy\Start.h">
      <Filter>Holy</Filter>
    </ClInclude>
  </ItemGroup>
  <ItemGroup>
    <ClCompile Include="src\Holy\Application.cpp">
      <Filter>Holy</Filter>
    </ClCompile>
    <ClCompile Include="src\Holy\Log.cpp">
      <Filter>Holy</Filter>
    </ClCompile>
  </ItemGroup>
</Project>